
Microsoft Visual Studio Solution File, Format Version 12.00
# Visual Studio Version 17
VisualStudioVersion = 17.12.35506.116
MinimumVisualStudioVersion = 10.0.40219.1
Project("{FAE04EC0-301F-11D3-BF4B-00C04F79EFBC}") = "UniversityProgram.Api", "UniversityProgram.Api\UniversityProgram.Api.csproj", "{E8DD058F-ED02-4582-822F-446811459E02}"
EndProject
Project("{FAE04EC0-301F-11D3-BF4B-00C04F79EFBC}") = "UniversityProgram.BLL", "UniversityProgram.BLL\UniversityProgram.BLL.csproj", "{16F6754E-A3B3-43E4-822A-065D3715EF25}"
EndProject
Project("{FAE04EC0-301F-11D3-BF4B-00C04F79EFBC}") = "UniversityProgram.Data", "UniversityProgram.Data\UniversityProgram.Data.csproj", "{E5B49758-E6C2-4582-B823-979EE39901CF}"
EndProject
Project("{FAE04EC0-301F-11D3-BF4B-00C04F79EFBC}") = "UniversityProgram.Domain", "UniversityProgram.Domain\UniversityProgram.Domain.csproj", "{6445C137-4E77-448C-BDEF-7D38D2FA9E45}"
EndProject
Global
	GlobalSection(SolutionConfigurationPlatforms) = preSolution
		Debug|Any CPU = Debug|Any CPU
		Release|Any CPU = Release|Any CPU
	EndGlobalSection
	GlobalSection(ProjectConfigurationPlatforms) = postSolution
		{E8DD058F-ED02-4582-822F-446811459E02}.Debug|Any CPU.ActiveCfg = Debug|Any CPU
		{E8DD058F-ED02-4582-822F-446811459E02}.Debug|Any CPU.Build.0 = Debug|Any CPU
		{E8DD058F-ED02-4582-822F-446811459E02}.Release|Any CPU.ActiveCfg = Release|Any CPU
		{E8DD058F-ED02-4582-822F-446811459E02}.Release|Any CPU.Build.0 = Release|Any CPU
		{16F6754E-A3B3-43E4-822A-065D3715EF25}.Debug|Any CPU.ActiveCfg = Debug|Any CPU
		{16F6754E-A3B3-43E4-822A-065D3715EF25}.Debug|Any CPU.Build.0 = Debug|Any CPU
		{16F6754E-A3B3-43E4-822A-065D3715EF25}.Release|Any CPU.ActiveCfg = Release|Any CPU
		{16F6754E-A3B3-43E4-822A-065D3715EF25}.Release|Any CPU.Build.0 = Release|Any CPU
		{E5B49758-E6C2-4582-B823-979EE39901CF}.Debug|Any CPU.ActiveCfg = Debug|Any CPU
		{E5B49758-E6C2-4582-B823-979EE39901CF}.Debug|Any CPU.Build.0 = Debug|Any CPU
		{E5B49758-E6C2-4582-B823-979EE39901CF}.Release|Any CPU.ActiveCfg = Release|Any CPU
		{E5B49758-E6C2-4582-B823-979EE39901CF}.Release|Any CPU.Build.0 = Release|Any CPU
		{6445C137-4E77-448C-BDEF-7D38D2FA9E45}.Debug|Any CPU.ActiveCfg = Debug|Any CPU
		{6445C137-4E77-448C-BDEF-7D38D2FA9E45}.Debug|Any CPU.Build.0 = Debug|Any CPU
		{6445C137-4E77-448C-BDEF-7D38D2FA9E45}.Release|Any CPU.ActiveCfg = Release|Any CPU
		{6445C137-4E77-448C-BDEF-7D38D2FA9E45}.Release|Any CPU.Build.0 = Release|Any CPU
	EndGlobalSection
	GlobalSection(SolutionProperties) = preSolution
		HideSolutionNode = FALSE
	EndGlobalSection
	GlobalSection(ExtensibilityGlobals) = postSolution
		SolutionGuid = {B202B60E-9359-48BE-88B4-D96CD626A714}
	EndGlobalSection
EndGlobal
